
Microsoft Visual Studio Solution File, Format Version 12.00
# Visual Studio 15
VisualStudioVersion = 15.0.27130.2024
MinimumVisualStudioVersion = 10.0.40219.1
Project("{FAE04EC0-301F-11D3-BF4B-00C04F79EFBC}") = "ADS_Recursion_11", "ADS_Recursion_11\ADS_Recursion_11.csproj", "{22F10A20-98DD-4F53-B3EA-E811199665CA}"
EndProject
Global
	GlobalSection(SolutionConfigurationPlatforms) = preSolution
		Debug|Any CPU = Debug|Any CPU
		Release|Any CPU = Release|Any CPU
	EndGlobalSection
	GlobalSection(ProjectConfigurationPlatforms) = postSolution
		{22F10A20-98DD-4F53-B3EA-E811199665CA}.Debug|Any CPU.ActiveCfg = Debug|Any CPU
		{22F10A20-98DD-4F53-B3EA-E811199665CA}.Debug|Any CPU.Build.0 = Debug|Any CPU
		{22F10A20-98DD-4F53-B3EA-E811199665CA}.Release|Any CPU.ActiveCfg = Release|Any CPU
		{22F10A20-98DD-4F53-B3EA-E811199665CA}.Release|Any CPU.Build.0 = Release|Any CPU
	EndGlobalSection
	GlobalSection(SolutionProperties) = preSolution
		HideSolutionNode = FALSE
	EndGlobalSection
	GlobalSection(ExtensibilityGlobals) = postSolution
		SolutionGuid = {0FBEC92C-FADE-426C-B234-5E4A155A1E0D}
	EndGlobalSection
EndGlobal
